
Microsoft Visual Studio Solution File, Format Version 12.00
# Visual Studio Version 16
VisualStudioVersion = 16.0.31321.278
MinimumVisualStudioVersion = 10.0.40219.1
Project("{FAE04EC0-301F-11D3-BF4B-00C04F79EFBC}") = "CSharp_蓝屏小工具", "CSharp_蓝屏小工具.csproj", "{F87E8FB8-FAC3-4F5E-867A-680C44A7F945}"
EndProject
Global
	GlobalSection(SolutionConfigurationPlatforms) = preSolution
		Debug|Any CPU = Debug|Any CPU
		Release|Any CPU = Release|Any CPU
	EndGlobalSection
	GlobalSection(ProjectConfigurationPlatforms) = postSolution
		{F87E8FB8-FAC3-4F5E-867A-680C44A7F945}.Debug|Any CPU.ActiveCfg = Debug|Any CPU
		{F87E8FB8-FAC3-4F5E-867A-680C44A7F945}.Debug|Any CPU.Build.0 = Debug|Any CPU
		{F87E8FB8-FAC3-4F5E-867A-680C44A7F945}.Release|Any CPU.ActiveCfg = Release|Any CPU
		{F87E8FB8-FAC3-4F5E-867A-680C44A7F945}.Release|Any CPU.Build.0 = Release|Any CPU
	EndGlobalSection
	GlobalSection(SolutionProperties) = preSolution
		HideSolutionNode = FALSE
	EndGlobalSection
	GlobalSection(ExtensibilityGlobals) = postSolution
		SolutionGuid = {FDA0BC59-1D36-40E5-99A5-6C52087B11B3}
	EndGlobalSection
EndGlobal
